
Microsoft Visual Studio Solution File, Format Version 12.00
# Visual Studio Version 16
VisualStudioVersion = 16.0.31729.503
MinimumVisualStudioVersion = 10.0.40219.1
Project("{9A19103F-16F7-4668-BE54-9A1E7A4F7556}") = "Inventory", "Inventory\Inventory.csproj", "{4C8C7AAD-E85D-4841-9156-E722511437E2}"
EndProject
Project("{9A19103F-16F7-4668-BE54-9A1E7A4F7556}") = "Entities", "Entities\Entities.csproj", "{8B856D97-C387-4C90-8F16-8DC29E299C2E}"
EndProject
Project("{FAE04EC0-301F-11D3-BF4B-00C04F79EFBC}") = "DataAccess", "DataAccess\DataAccess.csproj", "{34258CC6-1DD2-467B-AF07-A2C79F2F2D0C}"
EndProject
Project("{FAE04EC0-301F-11D3-BF4B-00C04F79EFBC}") = "Business", "Business\Business.csproj", "{B39F47F2-5221-4604-ABB5-0BBD565B8346}"
EndProject
Global
	GlobalSection(SolutionConfigurationPlatforms) = preSolution
		Debug|Any CPU = Debug|Any CPU
		Release|Any CPU = Release|Any CPU
	EndGlobalSection
	GlobalSection(ProjectConfigurationPlatforms) = postSolution
		{4C8C7AAD-E85D-4841-9156-E722511437E2}.Debug|Any CPU.ActiveCfg = Debug|Any CPU
		{4C8C7AAD-E85D-4841-9156-E722511437E2}.Debug|Any CPU.Build.0 = Debug|Any CPU
		{4C8C7AAD-E85D-4841-9156-E722511437E2}.Release|Any CPU.ActiveCfg = Release|Any CPU
		{4C8C7AAD-E85D-4841-9156-E722511437E2}.Release|Any CPU.Build.0 = Release|Any CPU
		{8B856D97-C387-4C90-8F16-8DC29E299C2E}.Debug|Any CPU.ActiveCfg = Debug|Any CPU
		{8B856D97-C387-4C90-8F16-8DC29E299C2E}.Debug|Any CPU.Build.0 = Debug|Any CPU
		{8B856D97-C387-4C90-8F16-8DC29E299C2E}.Release|Any CPU.ActiveCfg = Release|Any CPU
		{8B856D97-C387-4C90-8F16-8DC29E299C2E}.Release|Any CPU.Build.0 = Release|Any CPU
		{34258CC6-1DD2-467B-AF07-A2C79F2F2D0C}.Debug|Any CPU.ActiveCfg = Debug|Any CPU
		{34258CC6-1DD2-467B-AF07-A2C79F2F2D0C}.Debug|Any CPU.Build.0 = Debug|Any CPU
		{34258CC6-1DD2-467B-AF07-A2C79F2F2D0C}.Release|Any CPU.ActiveCfg = Release|Any CPU
		{34258CC6-1DD2-467B-AF07-A2C79F2F2D0C}.Release|Any CPU.Build.0 = Release|Any CPU
		{B39F47F2-5221-4604-ABB5-0BBD565B8346}.Debug|Any CPU.ActiveCfg = Debug|Any CPU
		{B39F47F2-5221-4604-ABB5-0BBD565B8346}.Debug|Any CPU.Build.0 = Debug|Any CPU
		{B39F47F2-5221-4604-ABB5-0BBD565B8346}.Release|Any CPU.ActiveCfg = Release|Any CPU
		{B39F47F2-5221-4604-ABB5-0BBD565B8346}.Release|Any CPU.Build.0 = Release|Any CPU
	EndGlobalSection
	GlobalSection(SolutionProperties) = preSolution
		HideSolutionNode = FALSE
	EndGlobalSection
	GlobalSection(ExtensibilityGlobals) = postSolution
		SolutionGuid = {542AE49E-28DB-4365-AEC7-C75F83EE75BA}
	EndGlobalSection
EndGlobal
